// !$*UTF8*$!
{
	archiveVersion = 1;
	classes = {
	};
	objectVersion = 50;
	objects = {

/* Begin PBXBuildFile section */
		3FE2578F222AEAE90084F69A /* AppDelegate.swift in Sources */ = {isa = PBXBuildFile; fileRef = 3FE2578E222AEAE90084F69A /* AppDelegate.swift */; };
		3FE25794222AEAE90084F69A /* Main.storyboard in Resources */ = {isa = PBXBuildFile; fileRef = 3FE25792222AEAE90084F69A /* Main.storyboard */; };
		3FE25796222AEAEA0084F69A /* Assets.xcassets in Resources */ = {isa = PBXBuildFile; fileRef = 3FE25795222AEAEA0084F69A /* Assets.xcassets */; };
		3FE25799222AEAEA0084F69A /* LaunchScreen.storyboard in Resources */ = {isa = PBXBuildFile; fileRef = 3FE25797222AEAEA0084F69A /* LaunchScreen.storyboard */; };
		3FE257A4222AEAEA0084F69A /* SportsBuff_DemoTests.swift in Sources */ = {isa = PBXBuildFile; fileRef = 3FE257A3222AEAEA0084F69A /* SportsBuff_DemoTests.swift */; };
		3FE257BA222D58D50084F69A /* HomeViewController.swift in Sources */ = {isa = PBXBuildFile; fileRef = 3FE257B9222D58D50084F69A /* HomeViewController.swift */; };
		3FE257C4222D801D0084F69A /* HomePreviewCollectionViewCell.swift in Sources */ = {isa = PBXBuildFile; fileRef = 3FE257C2222D801D0084F69A /* HomePreviewCollectionViewCell.swift */; };
		3FE257C5222D801D0084F69A /* HomePreviewCollectionViewCell.xib in Resources */ = {isa = PBXBuildFile; fileRef = 3FE257C3222D801D0084F69A /* HomePreviewCollectionViewCell.xib */; };
		3FE257C7222D805D0084F69A /* HomePreviewCollectionViewCellModel.swift in Sources */ = {isa = PBXBuildFile; fileRef = 3FE257C6222D805D0084F69A /* HomePreviewCollectionViewCellModel.swift */; };
		3FE257CA222D84BC0084F69A /* HomeController.swift in Sources */ = {isa = PBXBuildFile; fileRef = 3FE257C9222D84BC0084F69A /* HomeController.swift */; };
/* End PBXBuildFile section */

/* Begin PBXContainerItemProxy section */
		3FE257A0222AEAEA0084F69A /* PBXContainerItemProxy */ = {
			isa = PBXContainerItemProxy;
			containerPortal = 3FE25783222AEAE90084F69A /* Project object */;
			proxyType = 1;
			remoteGlobalIDString = 3FE2578A222AEAE90084F69A;
			remoteInfo = "SportsBuff-Demo";
		};
/* End PBXContainerItemProxy section */

/* Begin PBXFileReference section */
		3FE2578B222AEAE90084F69A /* SportsBuff-Demo.app */ = {isa = PBXFileReference; explicitFileType = wrapper.application; includeInIndex = 0; path = "SportsBuff-Demo.app"; sourceTree = BUILT_PRODUCTS_DIR; };
		3FE2578E222AEAE90084F69A /* AppDelegate.swift */ = {isa = PBXFileReference; lastKnownFileType = sourcecode.swift; path = AppDelegate.swift; sourceTree = "<group>"; };
		3FE25793222AEAE90084F69A /* Base */ = {isa = PBXFileReference; lastKnownFileType = file.storyboard; name = Base; path = Base.lproj/Main.storyboard; sourceTree = "<group>"; };
		3FE25795222AEAEA0084F69A /* Assets.xcassets */ = {isa = PBXFileReference; lastKnownFileType = folder.assetcatalog; path = Assets.xcassets; sourceTree = "<group>"; };
		3FE25798222AEAEA0084F69A /* Base */ = {isa = PBXFileReference; lastKnownFileType = file.storyboard; name = Base; path = Base.lproj/LaunchScreen.storyboard; sourceTree = "<group>"; };
		3FE2579A222AEAEA0084F69A /* Info.plist */ = {isa = PBXFileReference; lastKnownFileType = text.plist.xml; path = Info.plist; sourceTree = "<group>"; };
		3FE2579F222AEAEA0084F69A /* SportsBuff-DemoTests.xctest */ = {isa = PBXFileReference; explicitFileType = wrapper.cfbundle; includeInIndex = 0; path = "SportsBuff-DemoTests.xctest"; sourceTree = BUILT_PRODUCTS_DIR; };
		3FE257A3222AEAEA0084F69A /* SportsBuff_DemoTests.swift */ = {isa = PBXFileReference; lastKnownFileType = sourcecode.swift; path = SportsBuff_DemoTests.swift; sourceTree = "<group>"; };
		3FE257A5222AEAEA0084F69A /* Info.plist */ = {isa = PBXFileReference; lastKnownFileType = text.plist.xml; path = Info.plist; sourceTree = "<group>"; };
		3FE257B9222D58D50084F69A /* HomeViewController.swift */ = {isa = PBXFileReference; lastKnownFileType = sourcecode.swift; path = HomeViewController.swift; sourceTree = "<group>"; };
		3FE257C2222D801D0084F69A /* HomePreviewCollectionViewCell.swift */ = {isa = PBXFileReference; lastKnownFileType = sourcecode.swift; path = HomePreviewCollectionViewCell.swift; sourceTree = "<group>"; };
		3FE257C3222D801D0084F69A /* HomePreviewCollectionViewCell.xib */ = {isa = PBXFileReference; lastKnownFileType = file.xib; path = HomePreviewCollectionViewCell.xib; sourceTree = "<group>"; };
		3FE257C6222D805D0084F69A /* HomePreviewCollectionViewCellModel.swift */ = {isa = PBXFileReference; lastKnownFileType = sourcecode.swift; path = HomePreviewCollectionViewCellModel.swift; sourceTree = "<group>"; };
		3FE257C9222D84BC0084F69A /* HomeController.swift */ = {isa = PBXFileReference; lastKnownFileType = sourcecode.swift; path = HomeController.swift; sourceTree = "<group>"; };
/* End PBXFileReference section */

/* Begin PBXFrameworksBuildPhase section */
		3FE25788222AEAE90084F69A /* Frameworks */ = {
			isa = PBXFrameworksBuildPhase;
			buildActionMask = 2147483647;
			files = (
			);
			runOnlyForDeploymentPostprocessing = 0;
		};
		3FE2579C222AEAEA0084F69A /* Frameworks */ = {
			isa = PBXFrameworksBuildPhase;
			buildActionMask = 2147483647;
			files = (
			);
			runOnlyForDeploymentPostprocessing = 0;
		};
/* End PBXFrameworksBuildPhase section */

/* Begin PBXGroup section */
		3FE25782222AEAE90084F69A = {
			isa = PBXGroup;
			children = (
				3FE2578D222AEAE90084F69A /* SportsBuff-Demo */,
				3FE257A2222AEAEA0084F69A /* SportsBuff-DemoTests */,
				3FE2578C222AEAE90084F69A /* Products */,
			);
			sourceTree = "<group>";
		};
		3FE2578C222AEAE90084F69A /* Products */ = {
			isa = PBXGroup;
			children = (
				3FE2578B222AEAE90084F69A /* SportsBuff-Demo.app */,
				3FE2579F222AEAEA0084F69A /* SportsBuff-DemoTests.xctest */,
			);
			name = Products;
			sourceTree = "<group>";
		};
		3FE2578D222AEAE90084F69A /* SportsBuff-Demo */ = {
			isa = PBXGroup;
			children = (
				3FE257B2222D40530084F69A /* Resources */,
				3FE257B1222D404A0084F69A /* Sources */,
				3FE257B0222D40350084F69A /* Common */,
				3FE257AF222D40270084F69A /* Controllers */,
				3FE257AE222D401F0084F69A /* ViewControllers */,
				3FE2579A222AEAEA0084F69A /* Info.plist */,
			);
			path = "SportsBuff-Demo";
			sourceTree = "<group>";
		};
		3FE257A2222AEAEA0084F69A /* SportsBuff-DemoTests */ = {
			isa = PBXGroup;
			children = (
				3FE257A3222AEAEA0084F69A /* SportsBuff_DemoTests.swift */,
				3FE257A5222AEAEA0084F69A /* Info.plist */,
			);
			path = "SportsBuff-DemoTests";
			sourceTree = "<group>";
		};
		3FE257AE222D401F0084F69A /* ViewControllers */ = {
			isa = PBXGroup;
			children = (
				3FE257B6222D41690084F69A /* Details */,
				3FE257B5222D41570084F69A /* Home */,
			);
			path = ViewControllers;
			sourceTree = "<group>";
		};
		3FE257AF222D40270084F69A /* Controllers */ = {
			isa = PBXGroup;
			children = (
				3FE257B7222D417C0084F69A /* DetailsController */,
				3FE257B8222D41850084F69A /* HomeController */,
			);
			path = Controllers;
			sourceTree = "<group>";
		};
		3FE257B0222D40350084F69A /* Common */ = {
			isa = PBXGroup;
			children = (
				3FE257C8222D81E30084F69A /* Extensions */,
			);
			path = Common;
			sourceTree = "<group>";
		};
		3FE257B1222D404A0084F69A /* Sources */ = {
			isa = PBXGroup;
			children = (
				3FE2578E222AEAE90084F69A /* AppDelegate.swift */,
			);
			path = Sources;
			sourceTree = "<group>";
		};
		3FE257B2222D40530084F69A /* Resources */ = {
			isa = PBXGroup;
			children = (
				3FE257B4222D40F40084F69A /* Assets */,
				3FE257B3222D40DD0084F69A /* Storyboards */,
			);
			path = Resources;
			sourceTree = "<group>";
		};
		3FE257B3222D40DD0084F69A /* Storyboards */ = {
			isa = PBXGroup;
			children = (
				3FE25792222AEAE90084F69A /* Main.storyboard */,
				3FE25797222AEAEA0084F69A /* LaunchScreen.storyboard */,
			);
			path = Storyboards;
			sourceTree = "<group>";
		};
		3FE257B4222D40F40084F69A /* Assets */ = {
			isa = PBXGroup;
			children = (
				3FE25795222AEAEA0084F69A /* Assets.xcassets */,
			);
			path = Assets;
			sourceTree = "<group>";
		};
		3FE257B5222D41570084F69A /* Home */ = {
			isa = PBXGroup;
			children = (
				3FE257C1222D7FE90084F69A /* Cells */,
				3FE257B9222D58D50084F69A /* HomeViewController.swift */,
			);
			path = Home;
			sourceTree = "<group>";
		};
		3FE257B6222D41690084F69A /* Details */ = {
			isa = PBXGroup;
			children = (
			);
			path = Details;
			sourceTree = "<group>";
		};
		3FE257B7222D417C0084F69A /* DetailsController */ = {
			isa = PBXGroup;
			children = (
			);
			path = DetailsController;
			sourceTree = "<group>";
		};
		3FE257B8222D41850084F69A /* HomeController */ = {
			isa = PBXGroup;
			children = (
				3FE257C9222D84BC0084F69A /* HomeController.swift */,
			);
			path = HomeController;
			sourceTree = "<group>";
		};
		3FE257C1222D7FE90084F69A /* Cells */ = {
			isa = PBXGroup;
			children = (
				3FE257C2222D801D0084F69A /* HomePreviewCollectionViewCell.swift */,
				3FE257C3222D801D0084F69A /* HomePreviewCollectionViewCell.xib */,
				3FE257C6222D805D0084F69A /* HomePreviewCollectionViewCellModel.swift */,
			);
			path = Cells;
			sourceTree = "<group>";
		};
		3FE257C8222D81E30084F69A /* Extensions */ = {
			isa = PBXGroup;
			children = (
			);
			path = Extensions;
			sourceTree = "<group>";
		};
/* End PBXGroup section */

/* Begin PBXNativeTarget section */
		3FE2578A222AEAE90084F69A /* SportsBuff-Demo */ = {
			isa = PBXNativeTarget;
			buildConfigurationList = 3FE257A8222AEAEA0084F69A /* Build configuration list for PBXNativeTarget "SportsBuff-Demo" */;
			buildPhases = (
				3FE25787222AEAE90084F69A /* Sources */,
				3FE25788222AEAE90084F69A /* Frameworks */,
				3FE25789222AEAE90084F69A /* Resources */,
			);
			buildRules = (
			);
			dependencies = (
			);
			name = "SportsBuff-Demo";
			productName = "SportsBuff-Demo";
			productReference = 3FE2578B222AEAE90084F69A /* SportsBuff-Demo.app */;
			productType = "com.apple.product-type.application";
		};
		3FE2579E222AEAEA0084F69A /* SportsBuff-DemoTests */ = {
			isa = PBXNativeTarget;
			buildConfigurationList = 3FE257AB222AEAEA0084F69A /* Build configuration list for PBXNativeTarget "SportsBuff-DemoTests" */;
			buildPhases = (
				3FE2579B222AEAEA0084F69A /* Sources */,
				3FE2579C222AEAEA0084F69A /* Frameworks */,
				3FE2579D222AEAEA0084F69A /* Resources */,
			);
			buildRules = (
			);
			dependencies = (
				3FE257A1222AEAEA0084F69A /* PBXTargetDependency */,
			);
			name = "SportsBuff-DemoTests";
			productName = "SportsBuff-DemoTests";
			productReference = 3FE2579F222AEAEA0084F69A /* SportsBuff-DemoTests.xctest */;
			productType = "com.apple.product-type.bundle.unit-test";
		};
/* End PBXNativeTarget section */

/* Begin PBXProject section */
		3FE25783222AEAE90084F69A /* Project object */ = {
			isa = PBXProject;
			attributes = {
				LastSwiftUpdateCheck = 1010;
				LastUpgradeCheck = 1010;
				ORGANIZATIONNAME = yzaslavskaya;
				TargetAttributes = {
					3FE2578A222AEAE90084F69A = {
						CreatedOnToolsVersion = 10.1;
					};
					3FE2579E222AEAEA0084F69A = {
						CreatedOnToolsVersion = 10.1;
						TestTargetID = 3FE2578A222AEAE90084F69A;
					};
				};
			};
			buildConfigurationList = 3FE25786222AEAE90084F69A /* Build configuration list for PBXProject "SportsBuff-Demo" */;
			compatibilityVersion = "Xcode 9.3";
			developmentRegion = en;
			hasScannedForEncodings = 0;
			knownRegions = (
				en,
				Base,
			);
			mainGroup = 3FE25782222AEAE90084F69A;
			productRefGroup = 3FE2578C222AEAE90084F69A /* Products */;
			projectDirPath = "";
			projectRoot = "";
			targets = (
				3FE2578A222AEAE90084F69A /* SportsBuff-Demo */,
				3FE2579E222AEAEA0084F69A /* SportsBuff-DemoTests */,
			);
		};
/* End PBXProject section */

/* Begin PBXResourcesBuildPhase section */
		3FE25789222AEAE90084F69A /* Resources */ = {
			isa = PBXResourcesBuildPhase;
			buildActionMask = 2147483647;
			files = (
				3FE257C5222D801D0084F69A /* HomePreviewCollectionViewCell.xib in Resources */,
				3FE25799222AEAEA0084F69A /* LaunchScreen.storyboard in Resources */,
				3FE25796222AEAEA0084F69A /* Assets.xcassets in Resources */,
				3FE25794222AEAE90084F69A /* Main.storyboard in Resources */,
			);
			runOnlyForDeploymentPostprocessing = 0;
		};
		3FE2579D222AEAEA0084F69A /* Resources */ = {
			isa = PBXResourcesBuildPhase;
			buildActionMask = 2147483647;
			files = (
			);
			runOnlyForDeploymentPostprocessing = 0;
		};
/* End PBXResourcesBuildPhase section */

/* Begin PBXSourcesBuildPhase section */
		3FE25787222AEAE90084F69A /* Sources */ = {
			isa = PBXSourcesBuildPhase;
			buildActionMask = 2147483647;
			files = (
				3FE2578F222AEAE90084F69A /* AppDelegate.swift in Sources */,
				3FE257C4222D801D0084F69A /* HomePreviewCollectionViewCell.swift in Sources */,
				3FE257C7222D805D0084F69A /* HomePreviewCollectionViewCellModel.swift in Sources */,
				3FE257BA222D58D50084F69A /* HomeViewController.swift in Sources */,
				3FE257CA222D84BC0084F69A /* HomeController.swift in Sources */,
			);
			runOnlyForDeploymentPostprocessing = 0;
		};
		3FE2579B222AEAEA0084F69A /* Sources */ = {
			isa = PBXSourcesBuildPhase;
			buildActionMask = 2147483647;
			files = (
				3FE257A4222AEAEA0084F69A /* SportsBuff_DemoTests.swift in Sources */,
			);
			runOnlyForDeploymentPostprocessing = 0;
		};
/* End PBXSourcesBuildPhase section */

/* Begin PBXTargetDependency section */
		3FE257A1222AEAEA0084F69A /* PBXTargetDependency */ = {
			isa = PBXTargetDependency;
			target = 3FE2578A222AEAE90084F69A /* SportsBuff-Demo */;
			targetProxy = 3FE257A0222AEAEA0084F69A /* PBXContainerItemProxy */;
		};
/* End PBXTargetDependency section */

/* Begin PBXVariantGroup section */
		3FE25792222AEAE90084F69A /* Main.storyboard */ = {
			isa = PBXVariantGroup;
			children = (
				3FE25793222AEAE90084F69A /* Base */,
			);
			name = Main.storyboard;
			sourceTree = "<group>";
		};
		3FE25797222AEAEA0084F69A /* LaunchScreen.storyboard */ = {
			isa = PBXVariantGroup;
			children = (
				3FE25798222AEAEA0084F69A /* Base */,
			);
			name = LaunchScreen.storyboard;
			sourceTree = "<group>";
		};
/* End PBXVariantGroup section */

/* Begin XCBuildConfiguration section */
		3FE257A6222AEAEA0084F69A /* Debug */ = {
			isa = XCBuildConfiguration;
			buildSettings = {
				ALWAYS_SEARCH_USER_PATHS = NO;
				CLANG_ANALYZER_NONNULL = YES;
				CLANG_ANALYZER_NUMBER_OBJECT_CONVERSION = YES_AGGRESSIVE;
				CLANG_CXX_LANGUAGE_STANDARD = "gnu++14";
				CLANG_CXX_LIBRARY = "libc++";
				CLANG_ENABLE_MODULES = YES;
				CLANG_ENABLE_OBJC_ARC = YES;
				CLANG_ENABLE_OBJC_WEAK = YES;
				CLANG_WARN_BLOCK_CAPTURE_AUTORELEASING = YES;
				CLANG_WARN_BOOL_CONVERSION = YES;
				CLANG_WARN_COMMA = YES;
				CLANG_WARN_CONSTANT_CONVERSION = YES;
				CLANG_WARN_DEPRECATED_OBJC_IMPLEMENTATIONS = YES;
				CLANG_WARN_DIRECT_OBJC_ISA_USAGE = YES_ERROR;
				CLANG_WARN_DOCUMENTATION_COMMENTS = YES;
				CLANG_WARN_EMPTY_BODY = YES;
				CLANG_WARN_ENUM_CONVERSION = YES;
				CLANG_WARN_INFINITE_RECURSION = YES;
				CLANG_WARN_INT_CONVERSION = YES;
				CLANG_WARN_NON_LITERAL_NULL_CONVERSION = YES;
				CLANG_WARN_OBJC_IMPLICIT_RETAIN_SELF = YES;
				CLANG_WARN_OBJC_LITERAL_CONVERSION = YES;
				CLANG_WARN_OBJC_ROOT_CLASS = YES_ERROR;
				CLANG_WARN_RANGE_LOOP_ANALYSIS = YES;
				CLANG_WARN_STRICT_PROTOTYPES = YES;
				CLANG_WARN_SUSPICIOUS_MOVE = YES;
				CLANG_WARN_UNGUARDED_AVAILABILITY = YES_AGGRESSIVE;
				CLANG_WARN_UNREACHABLE_CODE = YES;
				CLANG_WARN__DUPLICATE_METHOD_MATCH = YES;
				CODE_SIGN_IDENTITY = "iPhone Developer";
				COPY_PHASE_STRIP = NO;
				DEBUG_INFORMATION_FORMAT = dwarf;
				ENABLE_STRICT_OBJC_MSGSEND = YES;
				ENABLE_TESTABILITY = YES;
				GCC_C_LANGUAGE_STANDARD = gnu11;
				GCC_DYNAMIC_NO_PIC = NO;
				GCC_NO_COMMON_BLOCKS = YES;
				GCC_OPTIMIZATION_LEVEL = 0;
				GCC_PREPROCESSOR_DEFINITIONS = (
					"DEBUG=1",
					"$(inherited)",
				);
				GCC_WARN_64_TO_32_BIT_CONVERSION = YES;
				GCC_WARN_ABOUT_RETURN_TYPE = YES_ERROR;
				GCC_WARN_UNDECLARED_SELECTOR = YES;
				GCC_WARN_UNINITIALIZED_AUTOS = YES_AGGRESSIVE;
				GCC_WARN_UNUSED_FUNCTION = YES;
				GCC_WARN_UNUSED_VARIABLE = YES;
				IPHONEOS_DEPLOYMENT_TARGET = 12.1;
				MTL_ENABLE_DEBUG_INFO = INCLUDE_SOURCE;
				MTL_FAST_MATH = YES;
				ONLY_ACTIVE_ARCH = YES;
				SDKROOT = iphoneos;
				SWIFT_ACTIVE_COMPILATION_CONDITIONS = DEBUG;
				SWIFT_OPTIMIZATION_LEVEL = "-Onone";
			};
			name = Debug;
		};
		3FE257A7222AEAEA0084F69A /* Release */ = {
			isa = XCBuildConfiguration;
			buildSettings = {
				ALWAYS_SEARCH_USER_PATHS = NO;
				CLANG_ANALYZER_NONNULL = YES;
				CLANG_ANALYZER_NUMBER_OBJECT_CONVERSION = YES_AGGRESSIVE;
				CLANG_CXX_LANGUAGE_STANDARD = "gnu++14";
				CLANG_CXX_LIBRARY = "libc++";
				CLANG_ENABLE_MODULES = YES;
				CLANG_ENABLE_OBJC_ARC = YES;
				CLANG_ENABLE_OBJC_WEAK = YES;
				CLANG_WARN_BLOCK_CAPTURE_AUTORELEASING = YES;
				CLANG_WARN_BOOL_CONVERSION = YES;
				CLANG_WARN_COMMA = YES;
				CLANG_WARN_CONSTANT_CONVERSION = YES;
				CLANG_WARN_DEPRECATED_OBJC_IMPLEMENTATIONS = YES;
				CLANG_WARN_DIRECT_OBJC_ISA_USAGE = YES_ERROR;
				CLANG_WARN_DOCUMENTATION_COMMENTS = YES;
				CLANG_WARN_EMPTY_BODY = YES;
				CLANG_WARN_ENUM_CONVERSION = YES;
				CLANG_WARN_INFINITE_RECURSION = YES;
				CLANG_WARN_INT_CONVERSION = YES;
				CLANG_WARN_NON_LITERAL_NULL_CONVERSION = YES;
				CLANG_WARN_OBJC_IMPLICIT_RETAIN_SELF = YES;
				CLANG_WARN_OBJC_LITERAL_CONVERSION = YES;
				CLANG_WARN_OBJC_ROOT_CLASS = YES_ERROR;
				CLANG_WARN_RANGE_LOOP_ANALYSIS = YES;
				CLANG_WARN_STRICT_PROTOTYPES = YES;
				CLANG_WARN_SUSPICIOUS_MOVE = YES;
				CLANG_WARN_UNGUARDED_AVAILABILITY = YES_AGGRESSIVE;
				CLANG_WARN_UNREACHABLE_CODE = YES;
				CLANG_WARN__DUPLICATE_METHOD_MATCH = YES;
				CODE_SIGN_IDENTITY = "iPhone Developer";
				COPY_PHASE_STRIP = NO;
				DEBUG_INFORMATION_FORMAT = "dwarf-with-dsym";
				ENABLE_NS_ASSERTIONS = NO;
				ENABLE_STRICT_OBJC_MSGSEND = YES;
				GCC_C_LANGUAGE_STANDARD = gnu11;
				GCC_NO_COMMON_BLOCKS = YES;
				GCC_WARN_64_TO_32_BIT_CONVERSION = YES;
				GCC_WARN_ABOUT_RETURN_TYPE = YES_ERROR;
				GCC_WARN_UNDECLARED_SELECTOR = YES;
				GCC_WARN_UNINITIALIZED_AUTOS = YES_AGGRESSIVE;
				GCC_WARN_UNUSED_FUNCTION = YES;
				GCC_WARN_UNUSED_VARIABLE = YES;
				IPHONEOS_DEPLOYMENT_TARGET = 12.1;
				MTL_ENABLE_DEBUG_INFO = NO;
				MTL_FAST_MATH = YES;
				SDKROOT = iphoneos;
				SWIFT_COMPILATION_MODE = wholemodule;
				SWIFT_OPTIMIZATION_LEVEL = "-O";
				VALIDATE_PRODUCT = YES;
			};
			name = Release;
		};
		3FE257A9222AEAEA0084F69A /* Debug */ = {
			isa = XCBuildConfiguration;
			buildSettings = {
				ASSETCATALOG_COMPILER_APPICON_NAME = AppIcon;
				CODE_SIGN_STYLE = Automatic;
				DEVELOPMENT_TEAM = 9CPBHL5DUL;
				INFOPLIST_FILE = "SportsBuff-Demo/Info.plist";
				LD_RUNPATH_SEARCH_PATHS = (
					"$(inherited)",
					"@executable_path/Frameworks",
				);
				PRODUCT_BUNDLE_IDENTIFIER = "yzaslavskaya.SportsBuff-Demo";
				PRODUCT_NAME = "$(TARGET_NAME)";
				SWIFT_VERSION = 4.2;
				TARGETED_DEVICE_FAMILY = "1,2";
			};
			name = Debug;
		};
		3FE257AA222AEAEA0084F69A /* Release */ = {
			isa = XCBuildConfiguration;
			buildSettings = {
				ASSETCATALOG_COMPILER_APPICON_NAME = AppIcon;
				CODE_SIGN_STYLE = Automatic;
				DEVELOPMENT_TEAM = 9CPBHL5DUL;
				INFOPLIST_FILE = "SportsBuff-Demo/Info.plist";
				LD_RUNPATH_SEARCH_PATHS = (
					"$(inherited)",
					"@executable_path/Frameworks",
				);
				PRODUCT_BUNDLE_IDENTIFIER = "yzaslavskaya.SportsBuff-Demo";
				PRODUCT_NAME = "$(TARGET_NAME)";
				SWIFT_VERSION = 4.2;
				TARGETED_DEVICE_FAMILY = "1,2";
			};
			name = Release;
		};
		3FE257AC222AEAEA0084F69A /* Debug */ = {
			isa = XCBuildConfiguration;
			buildSettings = {
				ALWAYS_EMBED_SWIFT_STANDARD_LIBRARIES = YES;
				BUNDLE_LOADER = "$(TEST_HOST)";
				CODE_SIGN_STYLE = Automatic;
				DEVELOPMENT_TEAM = 9CPBHL5DUL;
				INFOPLIST_FILE = "SportsBuff-DemoTests/Info.plist";
				LD_RUNPATH_SEARCH_PATHS = (
					"$(inherited)",
					"@executable_path/Frameworks",
					"@loader_path/Frameworks",
				);
				PRODUCT_BUNDLE_IDENTIFIER = "yzaslavskaya.SportsBuff-DemoTests";
				PRODUCT_NAME = "$(TARGET_NAME)";
				SWIFT_VERSION = 4.2;
				TARGETED_DEVICE_FAMILY = "1,2";
				TEST_HOST = "$(BUILT_PRODUCTS_DIR)/SportsBuff-Demo.app/SportsBuff-Demo";
			};
			name = Debug;
		};
		3FE257AD222AEAEA0084F69A /* Release */ = {
			isa = XCBuildConfiguration;
			buildSettings = {
				ALWAYS_EMBED_SWIFT_STANDARD_LIBRARIES = YES;
				BUNDLE_LOADER = "$(TEST_HOST)";
				CODE_SIGN_STYLE = Automatic;
				DEVELOPMENT_TEAM = 9CPBHL5DUL;
				INFOPLIST_FILE = "SportsBuff-DemoTests/Info.plist";
				LD_RUNPATH_SEARCH_PATHS = (
					"$(inherited)",
					"@executable_path/Frameworks",
					"@loader_path/Frameworks",
				);
				PRODUCT_BUNDLE_IDENTIFIER = "yzaslavskaya.SportsBuff-DemoTests";
				PRODUCT_NAME = "$(TARGET_NAME)";
				SWIFT_VERSION = 4.2;
				TARGETED_DEVICE_FAMILY = "1,2";
				TEST_HOST = "$(BUILT_PRODUCTS_DIR)/SportsBuff-Demo.app/SportsBuff-Demo";
			};
			name = Release;
		};
/* End XCBuildConfiguration section */

/* Begin XCConfigurationList section */
		3FE25786222AEAE90084F69A /* Build configuration list for PBXProject "SportsBuff-Demo" */ = {
			isa = XCConfigurationList;
			buildConfigurations = (
				3FE257A6222AEAEA0084F69A /* Debug */,
				3FE257A7222AEAEA0084F69A /* Release */,
			);
			defaultConfigurationIsVisible = 0;
			defaultConfigurationName = Release;
		};
		3FE257A8222AEAEA0084F69A /* Build configuration list for PBXNativeTarget "SportsBuff-Demo" */ = {
			isa = XCConfigurationList;
			buildConfigurations = (
				3FE257A9222AEAEA0084F69A /* Debug */,
				3FE257AA222AEAEA0084F69A /* Release */,
			);
			defaultConfigurationIsVisible = 0;
			defaultConfigurationName = Release;
		};
		3FE257AB222AEAEA0084F69A /* Build configuration list for PBXNativeTarget "SportsBuff-DemoTests" */ = {
			isa = XCConfigurationList;
			buildConfigurations = (
				3FE257AC222AEAEA0084F69A /* Debug */,
				3FE257AD222AEAEA0084F69A /* Release */,
			);
			defaultConfigurationIsVisible = 0;
			defaultConfigurationName = Release;
		};
/* End XCConfigurationList section */
	};
	rootObject = 3FE25783222AEAE90084F69A /* Project object */;
}
